// !$*UTF8*$!
{
	archiveVersion = 1;
	classes = {
	};
	objectVersion = 56;
	objects = {

/* Begin PBXBuildFile section */
		B345505A294B567300C256B3 /* AppDelegate.swift in Sources */ = {isa = PBXBuildFile; fileRef = B3455059294B567300C256B3 /* AppDelegate.swift */; };
		B345505C294B567300C256B3 /* SceneDelegate.swift in Sources */ = {isa = PBXBuildFile; fileRef = B345505B294B567300C256B3 /* SceneDelegate.swift */; };
		B345505E294B567300C256B3 /* BookCategoriesViewController.swift in Sources */ = {isa = PBXBuildFile; fileRef = B345505D294B567300C256B3 /* BookCategoriesViewController.swift */; };
		B3455063294B567400C256B3 /* Assets.xcassets in Resources */ = {isa = PBXBuildFile; fileRef = B3455062294B567400C256B3 /* Assets.xcassets */; };
		B3455066294B567500C256B3 /* LaunchScreen.storyboard in Resources */ = {isa = PBXBuildFile; fileRef = B3455064294B567400C256B3 /* LaunchScreen.storyboard */; };
		B38A0D49294B6F8700B0C262 /* RAZ in Resources */ = {isa = PBXBuildFile; fileRef = B38A0D48294B6F8700B0C262 /* RAZ */; };
		B38A0D4B294B71FF00B0C262 /* Utils.swift in Sources */ = {isa = PBXBuildFile; fileRef = B38A0D4A294B71FF00B0C262 /* Utils.swift */; };
		B38A0D4F294B921700B0C262 /* BookListViewController.swift in Sources */ = {isa = PBXBuildFile; fileRef = B38A0D4E294B921700B0C262 /* BookListViewController.swift */; };
/* End PBXBuildFile section */

/* Begin PBXFileReference section */
		B3455056294B567300C256B3 /* Leos_PDF_Reader.app */ = {isa = PBXFileReference; explicitFileType = wrapper.application; includeInIndex = 0; path = Leos_PDF_Reader.app; sourceTree = BUILT_PRODUCTS_DIR; };
		B3455059294B567300C256B3 /* AppDelegate.swift */ = {isa = PBXFileReference; lastKnownFileType = sourcecode.swift; path = AppDelegate.swift; sourceTree = "<group>"; };
		B345505B294B567300C256B3 /* SceneDelegate.swift */ = {isa = PBXFileReference; lastKnownFileType = sourcecode.swift; path = SceneDelegate.swift; sourceTree = "<group>"; };
		B345505D294B567300C256B3 /* BookCategoriesViewController.swift */ = {isa = PBXFileReference; lastKnownFileType = sourcecode.swift; path = BookCategoriesViewController.swift; sourceTree = "<group>"; };
		B3455062294B567400C256B3 /* Assets.xcassets */ = {isa = PBXFileReference; lastKnownFileType = folder.assetcatalog; path = Assets.xcassets; sourceTree = "<group>"; };
		B3455065294B567500C256B3 /* Base */ = {isa = PBXFileReference; lastKnownFileType = file.storyboard; name = Base; path = Base.lproj/LaunchScreen.storyboard; sourceTree = "<group>"; };
		B3455067294B567500C256B3 /* Info.plist */ = {isa = PBXFileReference; lastKnownFileType = text.plist.xml; path = Info.plist; sourceTree = "<group>"; };
		B38A0D48294B6F8700B0C262 /* RAZ */ = {isa = PBXFileReference; lastKnownFileType = folder; path = RAZ; sourceTree = "<group>"; };
		B38A0D4A294B71FF00B0C262 /* Utils.swift */ = {isa = PBXFileReference; lastKnownFileType = sourcecode.swift; path = Utils.swift; sourceTree = "<group>"; };
		B38A0D4E294B921700B0C262 /* BookListViewController.swift */ = {isa = PBXFileReference; lastKnownFileType = sourcecode.swift; path = BookListViewController.swift; sourceTree = "<group>"; };
/* End PBXFileReference section */

/* Begin PBXFrameworksBuildPhase section */
		B3455053294B567300C256B3 /* Frameworks */ = {
			isa = PBXFrameworksBuildPhase;
			buildActionMask = 2147483647;
			files = (
			);
			runOnlyForDeploymentPostprocessing = 0;
		};
/* End PBXFrameworksBuildPhase section */

/* Begin PBXGroup section */
		B345504D294B567300C256B3 = {
			isa = PBXGroup;
			children = (
				B38A0D48294B6F8700B0C262 /* RAZ */,
				B3455058294B567300C256B3 /* Leos_PDF_Reader */,
				B3455057294B567300C256B3 /* Products */,
			);
			sourceTree = "<group>";
		};
		B3455057294B567300C256B3 /* Products */ = {
			isa = PBXGroup;
			children = (
				B3455056294B567300C256B3 /* Leos_PDF_Reader.app */,
			);
			name = Products;
			sourceTree = "<group>";
		};
		B3455058294B567300C256B3 /* Leos_PDF_Reader */ = {
			isa = PBXGroup;
			children = (
				B3455059294B567300C256B3 /* AppDelegate.swift */,
				B345505B294B567300C256B3 /* SceneDelegate.swift */,
				B38A0D4A294B71FF00B0C262 /* Utils.swift */,
				B345505D294B567300C256B3 /* BookCategoriesViewController.swift */,
				B38A0D4E294B921700B0C262 /* BookListViewController.swift */,
				B3455062294B567400C256B3 /* Assets.xcassets */,
				B3455064294B567400C256B3 /* LaunchScreen.storyboard */,
				B3455067294B567500C256B3 /* Info.plist */,
			);
			path = Leos_PDF_Reader;
			sourceTree = "<group>";
		};
/* End PBXGroup section */

/* Begin PBXNativeTarget section */
		B3455055294B567300C256B3 /* Leos_PDF_Reader */ = {
			isa = PBXNativeTarget;
			buildConfigurationList = B345506A294B567500C256B3 /* Build configuration list for PBXNativeTarget "Leos_PDF_Reader" */;
			buildPhases = (
				B3455052294B567300C256B3 /* Sources */,
				B3455053294B567300C256B3 /* Frameworks */,
				B3455054294B567300C256B3 /* Resources */,
			);
			buildRules = (
			);
			dependencies = (
			);
			name = Leos_PDF_Reader;
			productName = Leos_PDF_Reader;
			productReference = B3455056294B567300C256B3 /* Leos_PDF_Reader.app */;
			productType = "com.apple.product-type.application";
		};
/* End PBXNativeTarget section */

/* Begin PBXProject section */
		B345504E294B567300C256B3 /* Project object */ = {
			isa = PBXProject;
			attributes = {
				BuildIndependentTargetsInParallel = 1;
				LastSwiftUpdateCheck = 1410;
				LastUpgradeCheck = 1410;
				TargetAttributes = {
					B3455055294B567300C256B3 = {
						CreatedOnToolsVersion = 14.1;
					};
				};
			};
			buildConfigurationList = B3455051294B567300C256B3 /* Build configuration list for PBXProject "Leos_PDF_Reader" */;
			compatibilityVersion = "Xcode 14.0";
			developmentRegion = en;
			hasScannedForEncodings = 0;
			knownRegions = (
				en,
				Base,
			);
			mainGroup = B345504D294B567300C256B3;
			productRefGroup = B3455057294B567300C256B3 /* Products */;
			projectDirPath = "";
			projectRoot = "";
			targets = (
				B3455055294B567300C256B3 /* Leos_PDF_Reader */,
			);
		};
/* End PBXProject section */

/* Begin PBXResourcesBuildPhase section */
		B3455054294B567300C256B3 /* Resources */ = {
			isa = PBXResourcesBuildPhase;
			buildActionMask = 2147483647;
			files = (
				B38A0D49294B6F8700B0C262 /* RAZ in Resources */,
				B3455066294B567500C256B3 /* LaunchScreen.storyboard in Resources */,
				B3455063294B567400C256B3 /* Assets.xcassets in Resources */,
			);
			runOnlyForDeploymentPostprocessing = 0;
		};
/* End PBXResourcesBuildPhase section */

/* Begin PBXSourcesBuildPhase section */
		B3455052294B567300C256B3 /* Sources */ = {
			isa = PBXSourcesBuildPhase;
			buildActionMask = 2147483647;
			files = (
				B345505E294B567300C256B3 /* BookCategoriesViewController.swift in Sources */,
				B345505A294B567300C256B3 /* AppDelegate.swift in Sources */,
				B345505C294B567300C256B3 /* SceneDelegate.swift in Sources */,
				B38A0D4B294B71FF00B0C262 /* Utils.swift in Sources */,
				B38A0D4F294B921700B0C262 /* BookListViewController.swift in Sources */,
			);
			runOnlyForDeploymentPostprocessing = 0;
		};
/* End PBXSourcesBuildPhase section */

/* Begin PBXVariantGroup section */
		B3455064294B567400C256B3 /* LaunchScreen.storyboard */ = {
			isa = PBXVariantGroup;
			children = (
				B3455065294B567500C256B3 /* Base */,
			);
			name = LaunchScreen.storyboard;
			sourceTree = "<group>";
		};
/* End PBXVariantGroup section */

/* Begin XCBuildConfiguration section */
		B3455068294B567500C256B3 /* Debug */ = {
			isa = XCBuildConfiguration;
			buildSettings = {
				ALWAYS_SEARCH_USER_PATHS = NO;
				CLANG_ANALYZER_NONNULL = YES;
				CLANG_ANALYZER_NUMBER_OBJECT_CONVERSION = YES_AGGRESSIVE;
				CLANG_CXX_LANGUAGE_STANDARD = "gnu++20";
				CLANG_ENABLE_MODULES = YES;
				CLANG_ENABLE_OBJC_ARC = YES;
				CLANG_ENABLE_OBJC_WEAK = YES;
				CLANG_WARN_BLOCK_CAPTURE_AUTORELEASING = YES;
				CLANG_WARN_BOOL_CONVERSION = YES;
				CLANG_WARN_COMMA = YES;
				CLANG_WARN_CONSTANT_CONVERSION = YES;
				CLANG_WARN_DEPRECATED_OBJC_IMPLEMENTATIONS = YES;
				CLANG_WARN_DIRECT_OBJC_ISA_USAGE = YES_ERROR;
				CLANG_WARN_DOCUMENTATION_COMMENTS = YES;
				CLANG_WARN_EMPTY_BODY = YES;
				CLANG_WARN_ENUM_CONVERSION = YES;
				CLANG_WARN_INFINITE_RECURSION = YES;
				CLANG_WARN_INT_CONVERSION = YES;
				CLANG_WARN_NON_LITERAL_NULL_CONVERSION = YES;
				CLANG_WARN_OBJC_IMPLICIT_RETAIN_SELF = YES;
				CLANG_WARN_OBJC_LITERAL_CONVERSION = YES;
				CLANG_WARN_OBJC_ROOT_CLASS = YES_ERROR;
				CLANG_WARN_QUOTED_INCLUDE_IN_FRAMEWORK_HEADER = YES;
				CLANG_WARN_RANGE_LOOP_ANALYSIS = YES;
				CLANG_WARN_STRICT_PROTOTYPES = YES;
				CLANG_WARN_SUSPICIOUS_MOVE = YES;
				CLANG_WARN_UNGUARDED_AVAILABILITY = YES_AGGRESSIVE;
				CLANG_WARN_UNREACHABLE_CODE = YES;
				CLANG_WARN__DUPLICATE_METHOD_MATCH = YES;
				COPY_PHASE_STRIP = NO;
				DEBUG_INFORMATION_FORMAT = dwarf;
				ENABLE_STRICT_OBJC_MSGSEND = YES;
				ENABLE_TESTABILITY = YES;
				GCC_C_LANGUAGE_STANDARD = gnu11;
				GCC_DYNAMIC_NO_PIC = NO;
				GCC_NO_COMMON_BLOCKS = YES;
				GCC_OPTIMIZATION_LEVEL = 0;
				GCC_PREPROCESSOR_DEFINITIONS = (
					"DEBUG=1",
					"$(inherited)",
				);
				GCC_WARN_64_TO_32_BIT_CONVERSION = YES;
				GCC_WARN_ABOUT_RETURN_TYPE = YES_ERROR;
				GCC_WARN_UNDECLARED_SELECTOR = YES;
				GCC_WARN_UNINITIALIZED_AUTOS = YES_AGGRESSIVE;
				GCC_WARN_UNUSED_FUNCTION = YES;
				GCC_WARN_UNUSED_VARIABLE = YES;
				IPHONEOS_DEPLOYMENT_TARGET = 16.1;
				MTL_ENABLE_DEBUG_INFO = INCLUDE_SOURCE;
				MTL_FAST_MATH = YES;
				ONLY_ACTIVE_ARCH = YES;
				SDKROOT = iphoneos;
				SWIFT_ACTIVE_COMPILATION_CONDITIONS = DEBUG;
				SWIFT_OPTIMIZATION_LEVEL = "-Onone";
			};
			name = Debug;
		};
		B3455069294B567500C256B3 /* Release */ = {
			isa = XCBuildConfiguration;
			buildSettings = {
				ALWAYS_SEARCH_USER_PATHS = NO;
				CLANG_ANALYZER_NONNULL = YES;
				CLANG_ANALYZER_NUMBER_OBJECT_CONVERSION = YES_AGGRESSIVE;
				CLANG_CXX_LANGUAGE_STANDARD = "gnu++20";
				CLANG_ENABLE_MODULES = YES;
				CLANG_ENABLE_OBJC_ARC = YES;
				CLANG_ENABLE_OBJC_WEAK = YES;
				CLANG_WARN_BLOCK_CAPTURE_AUTORELEASING = YES;
				CLANG_WARN_BOOL_CONVERSION = YES;
				CLANG_WARN_COMMA = YES;
				CLANG_WARN_CONSTANT_CONVERSION = YES;
				CLANG_WARN_DEPRECATED_OBJC_IMPLEMENTATIONS = YES;
				CLANG_WARN_DIRECT_OBJC_ISA_USAGE = YES_ERROR;
				CLANG_WARN_DOCUMENTATION_COMMENTS = YES;
				CLANG_WARN_EMPTY_BODY = YES;
				CLANG_WARN_ENUM_CONVERSION = YES;
				CLANG_WARN_INFINITE_RECURSION = YES;
				CLANG_WARN_INT_CONVERSION = YES;
				CLANG_WARN_NON_LITERAL_NULL_CONVERSION = YES;
				CLANG_WARN_OBJC_IMPLICIT_RETAIN_SELF = YES;
				CLANG_WARN_OBJC_LITERAL_CONVERSION = YES;
				CLANG_WARN_OBJC_ROOT_CLASS = YES_ERROR;
				CLANG_WARN_QUOTED_INCLUDE_IN_FRAMEWORK_HEADER = YES;
				CLANG_WARN_RANGE_LOOP_ANALYSIS = YES;
				CLANG_WARN_STRICT_PROTOTYPES = YES;
				CLANG_WARN_SUSPICIOUS_MOVE = YES;
				CLANG_WARN_UNGUARDED_AVAILABILITY = YES_AGGRESSIVE;
				CLANG_WARN_UNREACHABLE_CODE = YES;
				CLANG_WARN__DUPLICATE_METHOD_MATCH = YES;
				COPY_PHASE_STRIP = NO;
				DEBUG_INFORMATION_FORMAT = "dwarf-with-dsym";
				ENABLE_NS_ASSERTIONS = NO;
				ENABLE_STRICT_OBJC_MSGSEND = YES;
				GCC_C_LANGUAGE_STANDARD = gnu11;
				GCC_NO_COMMON_BLOCKS = YES;
				GCC_WARN_64_TO_32_BIT_CONVERSION = YES;
				GCC_WARN_ABOUT_RETURN_TYPE = YES_ERROR;
				GCC_WARN_UNDECLARED_SELECTOR = YES;
				GCC_WARN_UNINITIALIZED_AUTOS = YES_AGGRESSIVE;
				GCC_WARN_UNUSED_FUNCTION = YES;
				GCC_WARN_UNUSED_VARIABLE = YES;
				IPHONEOS_DEPLOYMENT_TARGET = 16.1;
				MTL_ENABLE_DEBUG_INFO = NO;
				MTL_FAST_MATH = YES;
				SDKROOT = iphoneos;
				SWIFT_COMPILATION_MODE = wholemodule;
				SWIFT_OPTIMIZATION_LEVEL = "-O";
				VALIDATE_PRODUCT = YES;
			};
			name = Release;
		};
		B345506B294B567500C256B3 /* Debug */ = {
			isa = XCBuildConfiguration;
			buildSettings = {
				ASSETCATALOG_COMPILER_APPICON_NAME = AppIcon;
				ASSETCATALOG_COMPILER_GLOBAL_ACCENT_COLOR_NAME = AccentColor;
				CODE_SIGN_STYLE = Automatic;
				CURRENT_PROJECT_VERSION = 1;
				DEVELOPMENT_TEAM = 524UJDJRFC;
				GENERATE_INFOPLIST_FILE = YES;
				INFOPLIST_FILE = Leos_PDF_Reader/Info.plist;
				INFOPLIST_KEY_UIApplicationSupportsIndirectInputEvents = YES;
				INFOPLIST_KEY_UILaunchStoryboardName = LaunchScreen;
				INFOPLIST_KEY_UISupportedInterfaceOrientations_iPad = "UIInterfaceOrientationPortrait UIInterfaceOrientationPortraitUpsideDown UIInterfaceOrientationLandscapeLeft UIInterfaceOrientationLandscapeRight";
				INFOPLIST_KEY_UISupportedInterfaceOrientations_iPhone = "UIInterfaceOrientationPortrait UIInterfaceOrientationLandscapeLeft UIInterfaceOrientationLandscapeRight";
				LD_RUNPATH_SEARCH_PATHS = (
					"$(inherited)",
					"@executable_path/Frameworks",
				);
				MARKETING_VERSION = 1.0;
				PRODUCT_BUNDLE_IDENTIFIER = "com.outlook.xinletian2021.Leos-PDF-Reader";
				PRODUCT_NAME = "$(TARGET_NAME)";
				SWIFT_EMIT_LOC_STRINGS = YES;
				SWIFT_VERSION = 5.0;
				TARGETED_DEVICE_FAMILY = "1,2";
			};
			name = Debug;
		};
		B345506C294B567500C256B3 /* Release */ = {
			isa = XCBuildConfiguration;
			buildSettings = {
				ASSETCATALOG_COMPILER_APPICON_NAME = AppIcon;
				ASSETCATALOG_COMPILER_GLOBAL_ACCENT_COLOR_NAME = AccentColor;
				CODE_SIGN_STYLE = Automatic;
				CURRENT_PROJECT_VERSION = 1;
				DEVELOPMENT_TEAM = 524UJDJRFC;
				GENERATE_INFOPLIST_FILE = YES;
				INFOPLIST_FILE = Leos_PDF_Reader/Info.plist;
				INFOPLIST_KEY_UIApplicationSupportsIndirectInputEvents = YES;
				INFOPLIST_KEY_UILaunchStoryboardName = LaunchScreen;
				INFOPLIST_KEY_UISupportedInterfaceOrientations_iPad = "UIInterfaceOrientationPortrait UIInterfaceOrientationPortraitUpsideDown UIInterfaceOrientationLandscapeLeft UIInterfaceOrientationLandscapeRight";
				INFOPLIST_KEY_UISupportedInterfaceOrientations_iPhone = "UIInterfaceOrientationPortrait UIInterfaceOrientationLandscapeLeft UIInterfaceOrientationLandscapeRight";
				LD_RUNPATH_SEARCH_PATHS = (
					"$(inherited)",
					"@executable_path/Frameworks",
				);
				MARKETING_VERSION = 1.0;
				PRODUCT_BUNDLE_IDENTIFIER = "com.outlook.xinletian2021.Leos-PDF-Reader";
				PRODUCT_NAME = "$(TARGET_NAME)";
				SWIFT_EMIT_LOC_STRINGS = YES;
				SWIFT_VERSION = 5.0;
				TARGETED_DEVICE_FAMILY = "1,2";
			};
			name = Release;
		};
/* End XCBuildConfiguration section */

/* Begin XCConfigurationList section */
		B3455051294B567300C256B3 /* Build configuration list for PBXProject "Leos_PDF_Reader" */ = {
			isa = XCConfigurationList;
			buildConfigurations = (
				B3455068294B567500C256B3 /* Debug */,
				B3455069294B567500C256B3 /* Release */,
			);
			defaultConfigurationIsVisible = 0;
			defaultConfigurationName = Release;
		};
		B345506A294B567500C256B3 /* Build configuration list for PBXNativeTarget "Leos_PDF_Reader" */ = {
			isa = XCConfigurationList;
			buildConfigurations = (
				B345506B294B567500C256B3 /* Debug */,
				B345506C294B567500C256B3 /* Release */,
			);
			defaultConfigurationIsVisible = 0;
			defaultConfigurationName = Release;
		};
/* End XCConfigurationList section */
	};
	rootObject = B345504E294B567300C256B3 /* Project object */;
}
